
Microsoft Visual Studio Solution File, Format Version 12.00
# Visual Studio Version 16
VisualStudioVersion = 16.0.34301.259
MinimumVisualStudioVersion = 10.0.40219.1
Project("{FAE04EC0-301F-11D3-BF4B-00C04F79EFBC}") = "ejercicioJSON", "ejercicioJSON\ejercicioJSON.csproj", "{A2E21CE0-E543-4D4D-B105-7DD8741B87ED}"
EndProject
Global
	GlobalSection(SolutionConfigurationPlatforms) = preSolution
		Debug|Any CPU = Debug|Any CPU
		Release|Any CPU = Release|Any CPU
	EndGlobalSection
	GlobalSection(ProjectConfigurationPlatforms) = postSolution
		{A2E21CE0-E543-4D4D-B105-7DD8741B87ED}.Debug|Any CPU.ActiveCfg = Debug|Any CPU
		{A2E21CE0-E543-4D4D-B105-7DD8741B87ED}.Debug|Any CPU.Build.0 = Debug|Any CPU
		{A2E21CE0-E543-4D4D-B105-7DD8741B87ED}.Release|Any CPU.ActiveCfg = Release|Any CPU
		{A2E21CE0-E543-4D4D-B105-7DD8741B87ED}.Release|Any CPU.Build.0 = Release|Any CPU
	EndGlobalSection
	GlobalSection(SolutionProperties) = preSolution
		HideSolutionNode = FALSE
	EndGlobalSection
	GlobalSection(ExtensibilityGlobals) = postSolution
		SolutionGuid = {5FF268A8-1B4D-4465-A825-8D62EB0420AF}
	EndGlobalSection
EndGlobal
